
Microsoft Visual Studio Solution File, Format Version 12.00
# Visual Studio Version 17
VisualStudioVersion = 17.7.34009.444
MinimumVisualStudioVersion = 10.0.40219.1
Project("{FAE04EC0-301F-11D3-BF4B-00C04F79EFBC}") = "smbcbackend", "smbcbackend\smbcbackend.csproj", "{405BA2C8-C5CB-4629-B2F7-9ACFA5E9F5DF}"
EndProject
Global
	GlobalSection(SolutionConfigurationPlatforms) = preSolution
		Debug|Any CPU = Debug|Any CPU
		Release|Any CPU = Release|Any CPU
	EndGlobalSection
	GlobalSection(ProjectConfigurationPlatforms) = postSolution
		{405BA2C8-C5CB-4629-B2F7-9ACFA5E9F5DF}.Debug|Any CPU.ActiveCfg = Debug|Any CPU
		{405BA2C8-C5CB-4629-B2F7-9ACFA5E9F5DF}.Debug|Any CPU.Build.0 = Debug|Any CPU
		{405BA2C8-C5CB-4629-B2F7-9ACFA5E9F5DF}.Release|Any CPU.ActiveCfg = Release|Any CPU
		{405BA2C8-C5CB-4629-B2F7-9ACFA5E9F5DF}.Release|Any CPU.Build.0 = Release|Any CPU
	EndGlobalSection
	GlobalSection(SolutionProperties) = preSolution
		HideSolutionNode = FALSE
	EndGlobalSection
	GlobalSection(ExtensibilityGlobals) = postSolution
		SolutionGuid = {D6375596-2453-4A69-86EC-55875C32FFD2}
	EndGlobalSection
EndGlobal
